
Microsoft Visual Studio Solution File, Format Version 12.00
# Visual Studio Version 17
VisualStudioVersion = 17.11.35312.102
MinimumVisualStudioVersion = 10.0.40219.1
Project("{9A19103F-16F7-4668-BE54-9A1E7A4F7556}") = "ProdutosApi", "ProdutosApi\ProdutosApi.csproj", "{145A3924-0385-4DB4-A19A-3B43C94067D0}"
EndProject
Project("{FAE04EC0-301F-11D3-BF4B-00C04F79EFBC}") = "ProductApi.Test", "ProductApi.Test\ProductApi.Test.csproj", "{DDC6FC9C-F79D-4FDE-9445-D26B1F17E96A}"
EndProject
Global
	GlobalSection(SolutionConfigurationPlatforms) = preSolution
		Debug|Any CPU = Debug|Any CPU
		Release|Any CPU = Release|Any CPU
	EndGlobalSection
	GlobalSection(ProjectConfigurationPlatforms) = postSolution
		{145A3924-0385-4DB4-A19A-3B43C94067D0}.Debug|Any CPU.ActiveCfg = Debug|Any CPU
		{145A3924-0385-4DB4-A19A-3B43C94067D0}.Debug|Any CPU.Build.0 = Debug|Any CPU
		{145A3924-0385-4DB4-A19A-3B43C94067D0}.Release|Any CPU.ActiveCfg = Release|Any CPU
		{145A3924-0385-4DB4-A19A-3B43C94067D0}.Release|Any CPU.Build.0 = Release|Any CPU
		{DDC6FC9C-F79D-4FDE-9445-D26B1F17E96A}.Debug|Any CPU.ActiveCfg = Debug|Any CPU
		{DDC6FC9C-F79D-4FDE-9445-D26B1F17E96A}.Debug|Any CPU.Build.0 = Debug|Any CPU
		{DDC6FC9C-F79D-4FDE-9445-D26B1F17E96A}.Release|Any CPU.ActiveCfg = Release|Any CPU
		{DDC6FC9C-F79D-4FDE-9445-D26B1F17E96A}.Release|Any CPU.Build.0 = Release|Any CPU
	EndGlobalSection
	GlobalSection(SolutionProperties) = preSolution
		HideSolutionNode = FALSE
	EndGlobalSection
	GlobalSection(ExtensibilityGlobals) = postSolution
		SolutionGuid = {4F8B9EC4-4EE3-443F-944B-2C48D921712D}
	EndGlobalSection
EndGlobal
